// !$*UTF8*$!
{
	archiveVersion = 1;
	classes = {
	};
	objectVersion = 46;
	objects = {

/* Begin PBXBuildFile section */
		CBEF030F1E46C21900523ADE /* AppDelegate.swift in Sources */ = {isa = PBXBuildFile; fileRef = CBEF030E1E46C21900523ADE /* AppDelegate.swift */; };
		CBEF03111E46C21900523ADE /* ViewController.swift in Sources */ = {isa = PBXBuildFile; fileRef = CBEF03101E46C21900523ADE /* ViewController.swift */; };
		CBEF03141E46C21900523ADE /* Main.storyboard in Resources */ = {isa = PBXBuildFile; fileRef = CBEF03121E46C21900523ADE /* Main.storyboard */; };
		CBEF03161E46C21900523ADE /* Assets.xcassets in Resources */ = {isa = PBXBuildFile; fileRef = CBEF03151E46C21900523ADE /* Assets.xcassets */; };
		CBEF03191E46C21900523ADE /* LaunchScreen.storyboard in Resources */ = {isa = PBXBuildFile; fileRef = CBEF03171E46C21900523ADE /* LaunchScreen.storyboard */; };
/* End PBXBuildFile section */

/* Begin PBXFileReference section */
		CBEF030B1E46C21900523ADE /* ooo-baby.app */ = {isa = PBXFileReference; explicitFileType = wrapper.application; includeInIndex = 0; path = "ooo-baby.app"; sourceTree = BUILT_PRODUCTS_DIR; };
		CBEF030E1E46C21900523ADE /* AppDelegate.swift */ = {isa = PBXFileReference; lastKnownFileType = sourcecode.swift; path = AppDelegate.swift; sourceTree = "<group>"; };
		CBEF03101E46C21900523ADE /* ViewController.swift */ = {isa = PBXFileReference; lastKnownFileType = sourcecode.swift; path = ViewController.swift; sourceTree = "<group>"; };
		CBEF03131E46C21900523ADE /* Base */ = {isa = PBXFileReference; lastKnownFileType = file.storyboard; name = Base; path = Base.lproj/Main.storyboard; sourceTree = "<group>"; };
		CBEF03151E46C21900523ADE /* Assets.xcassets */ = {isa = PBXFileReference; lastKnownFileType = folder.assetcatalog; path = Assets.xcassets; sourceTree = "<group>"; };
		CBEF03181E46C21900523ADE /* Base */ = {isa = PBXFileReference; lastKnownFileType = file.storyboard; name = Base; path = Base.lproj/LaunchScreen.storyboard; sourceTree = "<group>"; };
		CBEF031A1E46C21900523ADE /* Info.plist */ = {isa = PBXFileReference; lastKnownFileType = text.plist.xml; path = Info.plist; sourceTree = "<group>"; };
/* End PBXFileReference section */

/* Begin PBXFrameworksBuildPhase section */
		CBEF03081E46C21900523ADE /* Frameworks */ = {
			isa = PBXFrameworksBuildPhase;
			buildActionMask = 2147483647;
			files = (
			);
			runOnlyForDeploymentPostprocessing = 0;
		};
/* End PBXFrameworksBuildPhase section */

/* Begin PBXGroup section */
		CBEF03021E46C21900523ADE = {
			isa = PBXGroup;
			children = (
				CBEF030D1E46C21900523ADE /* ooo-baby */,
				CBEF030C1E46C21900523ADE /* Products */,
			);
			sourceTree = "<group>";
		};
		CBEF030C1E46C21900523ADE /* Products */ = {
			isa = PBXGroup;
			children = (
				CBEF030B1E46C21900523ADE /* ooo-baby.app */,
			);
			name = Products;
			sourceTree = "<group>";
		};
		CBEF030D1E46C21900523ADE /* ooo-baby */ = {
			isa = PBXGroup;
			children = (
				CBEF030E1E46C21900523ADE /* AppDelegate.swift */,
				CBEF03101E46C21900523ADE /* ViewController.swift */,
				CBEF03121E46C21900523ADE /* Main.storyboard */,
				CBEF03151E46C21900523ADE /* Assets.xcassets */,
				CBEF03171E46C21900523ADE /* LaunchScreen.storyboard */,
				CBEF031A1E46C21900523ADE /* Info.plist */,
			);
			path = "ooo-baby";
			sourceTree = "<group>";
		};
/* End PBXGroup section */

/* Begin PBXNativeTarget section */
		CBEF030A1E46C21900523ADE /* ooo-baby */ = {
			isa = PBXNativeTarget;
			buildConfigurationList = CBEF031D1E46C21900523ADE /* Build configuration list for PBXNativeTarget "ooo-baby" */;
			buildPhases = (
				CBEF03071E46C21900523ADE /* Sources */,
				CBEF03081E46C21900523ADE /* Frameworks */,
				CBEF03091E46C21900523ADE /* Resources */,
			);
			buildRules = (
			);
			dependencies = (
			);
			name = "ooo-baby";
			productName = "ooo-baby";
			productReference = CBEF030B1E46C21900523ADE /* ooo-baby.app */;
			productType = "com.apple.product-type.application";
		};
/* End PBXNativeTarget section */

/* Begin PBXProject section */
		CBEF03031E46C21900523ADE /* Project object */ = {
			isa = PBXProject;
			attributes = {
				LastSwiftUpdateCheck = 0820;
				LastUpgradeCheck = 0820;
				ORGANIZATIONNAME = "Elliot Greenwood";
				TargetAttributes = {
					CBEF030A1E46C21900523ADE = {
						CreatedOnToolsVersion = 8.2.1;
						DevelopmentTeam = JBX4SAA6M5;
						ProvisioningStyle = Automatic;
					};
				};
			};
			buildConfigurationList = CBEF03061E46C21900523ADE /* Build configuration list for PBXProject "ooo-baby" */;
			compatibilityVersion = "Xcode 3.2";
			developmentRegion = English;
			hasScannedForEncodings = 0;
			knownRegions = (
				en,
				Base,
			);
			mainGroup = CBEF03021E46C21900523ADE;
			productRefGroup = CBEF030C1E46C21900523ADE /* Products */;
			projectDirPath = "";
			projectRoot = "";
			targets = (
				CBEF030A1E46C21900523ADE /* ooo-baby */,
			);
		};
/* End PBXProject section */

/* Begin PBXResourcesBuildPhase section */
		CBEF03091E46C21900523ADE /* Resources */ = {
			isa = PBXResourcesBuildPhase;
			buildActionMask = 2147483647;
			files = (
				CBEF03191E46C21900523ADE /* LaunchScreen.storyboard in Resources */,
				CBEF03161E46C21900523ADE /* Assets.xcassets in Resources */,
				CBEF03141E46C21900523ADE /* Main.storyboard in Resources */,
			);
			runOnlyForDeploymentPostprocessing = 0;
		};
/* End PBXResourcesBuildPhase section */

/* Begin PBXSourcesBuildPhase section */
		CBEF03071E46C21900523ADE /* Sources */ = {
			isa = PBXSourcesBuildPhase;
			buildActionMask = 2147483647;
			files = (
				CBEF03111E46C21900523ADE /* ViewController.swift in Sources */,
				CBEF030F1E46C21900523ADE /* AppDelegate.swift in Sources */,
			);
			runOnlyForDeploymentPostprocessing = 0;
		};
/* End PBXSourcesBuildPhase section */

/* Begin PBXVariantGroup section */
		CBEF03121E46C21900523ADE /* Main.storyboard */ = {
			isa = PBXVariantGroup;
			children = (
				CBEF03131E46C21900523ADE /* Base */,
			);
			name = Main.storyboard;
			sourceTree = "<group>";
		};
		CBEF03171E46C21900523ADE /* LaunchScreen.storyboard */ = {
			isa = PBXVariantGroup;
			children = (
				CBEF03181E46C21900523ADE /* Base */,
			);
			name = LaunchScreen.storyboard;
			sourceTree = "<group>";
		};
/* End PBXVariantGroup section */

/* Begin XCBuildConfiguration section */
		CBEF031B1E46C21900523ADE /* Debug */ = {
			isa = XCBuildConfiguration;
			buildSettings = {
				ALWAYS_SEARCH_USER_PATHS = NO;
				CLANG_ANALYZER_NONNULL = YES;
				CLANG_CXX_LANGUAGE_STANDARD = "gnu++0x";
				CLANG_CXX_LIBRARY = "libc++";
				CLANG_ENABLE_MODULES = YES;
				CLANG_ENABLE_OBJC_ARC = YES;
				CLANG_WARN_BOOL_CONVERSION = YES;
				CLANG_WARN_CONSTANT_CONVERSION = YES;
				CLANG_WARN_DIRECT_OBJC_ISA_USAGE = YES_ERROR;
				CLANG_WARN_DOCUMENTATION_COMMENTS = YES;
				CLANG_WARN_EMPTY_BODY = YES;
				CLANG_WARN_ENUM_CONVERSION = YES;
				CLANG_WARN_INFINITE_RECURSION = YES;
				CLANG_WARN_INT_CONVERSION = YES;
				CLANG_WARN_OBJC_ROOT_CLASS = YES_ERROR;
				CLANG_WARN_SUSPICIOUS_MOVE = YES;
				CLANG_WARN_UNREACHABLE_CODE = YES;
				CLANG_WARN__DUPLICATE_METHOD_MATCH = YES;
				"CODE_SIGN_IDENTITY[sdk=iphoneos*]" = "iPhone Developer";
				COPY_PHASE_STRIP = NO;
				DEBUG_INFORMATION_FORMAT = dwarf;
				ENABLE_STRICT_OBJC_MSGSEND = YES;
				ENABLE_TESTABILITY = YES;
				GCC_C_LANGUAGE_STANDARD = gnu99;
				GCC_DYNAMIC_NO_PIC = NO;
				GCC_NO_COMMON_BLOCKS = YES;
				GCC_OPTIMIZATION_LEVEL = 0;
				GCC_PREPROCESSOR_DEFINITIONS = (
					"DEBUG=1",
					"$(inherited)",
				);
				GCC_WARN_64_TO_32_BIT_CONVERSION = YES;
				GCC_WARN_ABOUT_RETURN_TYPE = YES_ERROR;
				GCC_WARN_UNDECLARED_SELECTOR = YES;
				GCC_WARN_UNINITIALIZED_AUTOS = YES_AGGRESSIVE;
				GCC_WARN_UNUSED_FUNCTION = YES;
				GCC_WARN_UNUSED_VARIABLE = YES;
				IPHONEOS_DEPLOYMENT_TARGET = 10.2;
				MTL_ENABLE_DEBUG_INFO = YES;
				ONLY_ACTIVE_ARCH = YES;
				SDKROOT = iphoneos;
				SWIFT_ACTIVE_COMPILATION_CONDITIONS = DEBUG;
				SWIFT_OPTIMIZATION_LEVEL = "-Onone";
			};
			name = Debug;
		};
		CBEF031C1E46C21900523ADE /* Release */ = {
			isa = XCBuildConfiguration;
			buildSettings = {
				ALWAYS_SEARCH_USER_PATHS = NO;
				CLANG_ANALYZER_NONNULL = YES;
				CLANG_CXX_LANGUAGE_STANDARD = "gnu++0x";
				CLANG_CXX_LIBRARY = "libc++";
				CLANG_ENABLE_MODULES = YES;
				CLANG_ENABLE_OBJC_ARC = YES;
				CLANG_WARN_BOOL_CONVERSION = YES;
				CLANG_WARN_CONSTANT_CONVERSION = YES;
				CLANG_WARN_DIRECT_OBJC_ISA_USAGE = YES_ERROR;
				CLANG_WARN_DOCUMENTATION_COMMENTS = YES;
				CLANG_WARN_EMPTY_BODY = YES;
				CLANG_WARN_ENUM_CONVERSION = YES;
				CLANG_WARN_INFINITE_RECURSION = YES;
				CLANG_WARN_INT_CONVERSION = YES;
				CLANG_WARN_OBJC_ROOT_CLASS = YES_ERROR;
				CLANG_WARN_SUSPICIOUS_MOVE = YES;
				CLANG_WARN_UNREACHABLE_CODE = YES;
				CLANG_WARN__DUPLICATE_METHOD_MATCH = YES;
				"CODE_SIGN_IDENTITY[sdk=iphoneos*]" = "iPhone Developer";
				COPY_PHASE_STRIP = NO;
				DEBUG_INFORMATION_FORMAT = "dwarf-with-dsym";
				ENABLE_NS_ASSERTIONS = NO;
				ENABLE_STRICT_OBJC_MSGSEND = YES;
				GCC_C_LANGUAGE_STANDARD = gnu99;
				GCC_NO_COMMON_BLOCKS = YES;
				GCC_WARN_64_TO_32_BIT_CONVERSION = YES;
				GCC_WARN_ABOUT_RETURN_TYPE = YES_ERROR;
				GCC_WARN_UNDECLARED_SELECTOR = YES;
				GCC_WARN_UNINITIALIZED_AUTOS = YES_AGGRESSIVE;
				GCC_WARN_UNUSED_FUNCTION = YES;
				GCC_WARN_UNUSED_VARIABLE = YES;
				IPHONEOS_DEPLOYMENT_TARGET = 10.2;
				MTL_ENABLE_DEBUG_INFO = NO;
				SDKROOT = iphoneos;
				SWIFT_OPTIMIZATION_LEVEL = "-Owholemodule";
				VALIDATE_PRODUCT = YES;
			};
			name = Release;
		};
		CBEF031E1E46C21900523ADE /* Debug */ = {
			isa = XCBuildConfiguration;
			buildSettings = {
				ASSETCATALOG_COMPILER_APPICON_NAME = AppIcon;
				DEVELOPMENT_TEAM = JBX4SAA6M5;
				INFOPLIST_FILE = "ooo-baby/Info.plist";
				LD_RUNPATH_SEARCH_PATHS = "$(inherited) @executable_path/Frameworks";
				PRODUCT_BUNDLE_IDENTIFIER = "com.egnwd.ooo-baby";
				PRODUCT_NAME = "$(TARGET_NAME)";
				SWIFT_VERSION = 3.0;
			};
			name = Debug;
		};
		CBEF031F1E46C21900523ADE /* Release */ = {
			isa = XCBuildConfiguration;
			buildSettings = {
				ASSETCATALOG_COMPILER_APPICON_NAME = AppIcon;
				DEVELOPMENT_TEAM = JBX4SAA6M5;
				INFOPLIST_FILE = "ooo-baby/Info.plist";
				LD_RUNPATH_SEARCH_PATHS = "$(inherited) @executable_path/Frameworks";
				PRODUCT_BUNDLE_IDENTIFIER = "com.egnwd.ooo-baby";
				PRODUCT_NAME = "$(TARGET_NAME)";
				SWIFT_VERSION = 3.0;
			};
			name = Release;
		};
/* End XCBuildConfiguration section */

/* Begin XCConfigurationList section */
		CBEF03061E46C21900523ADE /* Build configuration list for PBXProject "ooo-baby" */ = {
			isa = XCConfigurationList;
			buildConfigurations = (
				CBEF031B1E46C21900523ADE /* Debug */,
				CBEF031C1E46C21900523ADE /* Release */,
			);
			defaultConfigurationIsVisible = 0;
			defaultConfigurationName = Release;
		};
		CBEF031D1E46C21900523ADE /* Build configuration list for PBXNativeTarget "ooo-baby" */ = {
			isa = XCConfigurationList;
			buildConfigurations = (
				CBEF031E1E46C21900523ADE /* Debug */,
				CBEF031F1E46C21900523ADE /* Release */,
			);
			defaultConfigurationIsVisible = 0;
		};
/* End XCConfigurationList section */
	};
	rootObject = CBEF03031E46C21900523ADE /* Project object */;
}
